// !$*UTF8*$!
{
	archiveVersion = 1;
	classes = {
	};
	objectVersion = 56;
	objects = {

/* Begin PBXBuildFile section */
		0EF7D2E72A1DE61900380FE8 /* AppDelegate.swift in Sources */ = {isa = PBXBuildFile; fileRef = 0EF7D2E62A1DE61900380FE8 /* AppDelegate.swift */; };
		0EF7D2E92A1DE61900380FE8 /* SceneDelegate.swift in Sources */ = {isa = PBXBuildFile; fileRef = 0EF7D2E82A1DE61900380FE8 /* SceneDelegate.swift */; };
		0EF7D2EB2A1DE61900380FE8 /* ViewController.swift in Sources */ = {isa = PBXBuildFile; fileRef = 0EF7D2EA2A1DE61900380FE8 /* ViewController.swift */; };
		0EF7D2EE2A1DE61900380FE8 /* Main.storyboard in Resources */ = {isa = PBXBuildFile; fileRef = 0EF7D2EC2A1DE61900380FE8 /* Main.storyboard */; };
		0EF7D2F02A1DE61B00380FE8 /* Assets.xcassets in Resources */ = {isa = PBXBuildFile; fileRef = 0EF7D2EF2A1DE61B00380FE8 /* Assets.xcassets */; };
		0EF7D2F32A1DE61B00380FE8 /* LaunchScreen.storyboard in Resources */ = {isa = PBXBuildFile; fileRef = 0EF7D2F12A1DE61B00380FE8 /* LaunchScreen.storyboard */; };
		0EF7D2FD2A1DE96900380FE8 /* swftui.pdf in Resources */ = {isa = PBXBuildFile; fileRef = 0EF7D2FC2A1DE96900380FE8 /* swftui.pdf */; };
		0EF7D2FF2A1DF0FD00380FE8 /* PDFViewController.swift in Sources */ = {isa = PBXBuildFile; fileRef = 0EF7D2FE2A1DF0FD00380FE8 /* PDFViewController.swift */; };
		0EF7D3022A2553E300380FE8 /* FirebaseAppDistribution-Beta in Frameworks */ = {isa = PBXBuildFile; productRef = 0EF7D3012A2553E300380FE8 /* FirebaseAppDistribution-Beta */; };
		0EF7D3042A25549800380FE8 /* GoogleService-Info.plist in Resources */ = {isa = PBXBuildFile; fileRef = 0EF7D3032A25549800380FE8 /* GoogleService-Info.plist */; };
		4C53214B80D60F7277679D46 /* Pods_UT_PDF.framework in Frameworks */ = {isa = PBXBuildFile; fileRef = BB101FF45DB9BDEE857999D2 /* Pods_UT_PDF.framework */; };
/* End PBXBuildFile section */

/* Begin PBXFileReference section */
		0EF7D2E32A1DE61900380FE8 /* UT-PDF.app */ = {isa = PBXFileReference; explicitFileType = wrapper.application; includeInIndex = 0; path = "UT-PDF.app"; sourceTree = BUILT_PRODUCTS_DIR; };
		0EF7D2E62A1DE61900380FE8 /* AppDelegate.swift */ = {isa = PBXFileReference; lastKnownFileType = sourcecode.swift; path = AppDelegate.swift; sourceTree = "<group>"; };
		0EF7D2E82A1DE61900380FE8 /* SceneDelegate.swift */ = {isa = PBXFileReference; lastKnownFileType = sourcecode.swift; path = SceneDelegate.swift; sourceTree = "<group>"; };
		0EF7D2EA2A1DE61900380FE8 /* ViewController.swift */ = {isa = PBXFileReference; lastKnownFileType = sourcecode.swift; path = ViewController.swift; sourceTree = "<group>"; };
		0EF7D2ED2A1DE61900380FE8 /* Base */ = {isa = PBXFileReference; lastKnownFileType = file.storyboard; name = Base; path = Base.lproj/Main.storyboard; sourceTree = "<group>"; };
		0EF7D2EF2A1DE61B00380FE8 /* Assets.xcassets */ = {isa = PBXFileReference; lastKnownFileType = folder.assetcatalog; path = Assets.xcassets; sourceTree = "<group>"; };
		0EF7D2F22A1DE61B00380FE8 /* Base */ = {isa = PBXFileReference; lastKnownFileType = file.storyboard; name = Base; path = Base.lproj/LaunchScreen.storyboard; sourceTree = "<group>"; };
		0EF7D2F42A1DE61B00380FE8 /* Info.plist */ = {isa = PBXFileReference; lastKnownFileType = text.plist.xml; path = Info.plist; sourceTree = "<group>"; };
		0EF7D2FC2A1DE96900380FE8 /* swftui.pdf */ = {isa = PBXFileReference; lastKnownFileType = image.pdf; name = swftui.pdf; path = ../../../../../Downloads/swftui.pdf; sourceTree = "<group>"; };
		0EF7D2FE2A1DF0FD00380FE8 /* PDFViewController.swift */ = {isa = PBXFileReference; lastKnownFileType = sourcecode.swift; path = PDFViewController.swift; sourceTree = "<group>"; };
		0EF7D3032A25549800380FE8 /* GoogleService-Info.plist */ = {isa = PBXFileReference; fileEncoding = 4; lastKnownFileType = text.plist.xml; path = "GoogleService-Info.plist"; sourceTree = "<group>"; };
		125E011FA7B8EFCE9D311DB8 /* Pods-UT-PDF.release.xcconfig */ = {isa = PBXFileReference; includeInIndex = 1; lastKnownFileType = text.xcconfig; name = "Pods-UT-PDF.release.xcconfig"; path = "Target Support Files/Pods-UT-PDF/Pods-UT-PDF.release.xcconfig"; sourceTree = "<group>"; };
		BB101FF45DB9BDEE857999D2 /* Pods_UT_PDF.framework */ = {isa = PBXFileReference; explicitFileType = wrapper.framework; includeInIndex = 0; path = Pods_UT_PDF.framework; sourceTree = BUILT_PRODUCTS_DIR; };
		DDA92BF41283CBFB121FFD09 /* Pods-UT-PDF.debug.xcconfig */ = {isa = PBXFileReference; includeInIndex = 1; lastKnownFileType = text.xcconfig; name = "Pods-UT-PDF.debug.xcconfig"; path = "Target Support Files/Pods-UT-PDF/Pods-UT-PDF.debug.xcconfig"; sourceTree = "<group>"; };
/* End PBXFileReference section */

/* Begin PBXFrameworksBuildPhase section */
		0EF7D2E02A1DE61900380FE8 /* Frameworks */ = {
			isa = PBXFrameworksBuildPhase;
			buildActionMask = 2147483647;
			files = (
				0EF7D3022A2553E300380FE8 /* FirebaseAppDistribution-Beta in Frameworks */,
				4C53214B80D60F7277679D46 /* Pods_UT_PDF.framework in Frameworks */,
			);
			runOnlyForDeploymentPostprocessing = 0;
		};
/* End PBXFrameworksBuildPhase section */

/* Begin PBXGroup section */
		0EF7D2DA2A1DE61900380FE8 = {
			isa = PBXGroup;
			children = (
				0EF7D2E52A1DE61900380FE8 /* UT-PDF */,
				0EF7D2E42A1DE61900380FE8 /* Products */,
				D2765B34E7473F393BDEB66D /* Pods */,
				390AD66C1F61CECDF350DEAE /* Frameworks */,
			);
			sourceTree = "<group>";
		};
		0EF7D2E42A1DE61900380FE8 /* Products */ = {
			isa = PBXGroup;
			children = (
				0EF7D2E32A1DE61900380FE8 /* UT-PDF.app */,
			);
			name = Products;
			sourceTree = "<group>";
		};
		0EF7D2E52A1DE61900380FE8 /* UT-PDF */ = {
			isa = PBXGroup;
			children = (
				0EF7D3032A25549800380FE8 /* GoogleService-Info.plist */,
				0EF7D2FC2A1DE96900380FE8 /* swftui.pdf */,
				0EF7D2E62A1DE61900380FE8 /* AppDelegate.swift */,
				0EF7D2E82A1DE61900380FE8 /* SceneDelegate.swift */,
				0EF7D2EA2A1DE61900380FE8 /* ViewController.swift */,
				0EF7D2EC2A1DE61900380FE8 /* Main.storyboard */,
				0EF7D2EF2A1DE61B00380FE8 /* Assets.xcassets */,
				0EF7D2F12A1DE61B00380FE8 /* LaunchScreen.storyboard */,
				0EF7D2F42A1DE61B00380FE8 /* Info.plist */,
				0EF7D2FE2A1DF0FD00380FE8 /* PDFViewController.swift */,
			);
			path = "UT-PDF";
			sourceTree = "<group>";
		};
		390AD66C1F61CECDF350DEAE /* Frameworks */ = {
			isa = PBXGroup;
			children = (
				BB101FF45DB9BDEE857999D2 /* Pods_UT_PDF.framework */,
			);
			name = Frameworks;
			sourceTree = "<group>";
		};
		D2765B34E7473F393BDEB66D /* Pods */ = {
			isa = PBXGroup;
			children = (
				DDA92BF41283CBFB121FFD09 /* Pods-UT-PDF.debug.xcconfig */,
				125E011FA7B8EFCE9D311DB8 /* Pods-UT-PDF.release.xcconfig */,
			);
			name = Pods;
			path = Pods;
			sourceTree = "<group>";
		};
/* End PBXGroup section */

/* Begin PBXNativeTarget section */
		0EF7D2E22A1DE61900380FE8 /* UT-PDF */ = {
			isa = PBXNativeTarget;
			buildConfigurationList = 0EF7D2F72A1DE61B00380FE8 /* Build configuration list for PBXNativeTarget "UT-PDF" */;
			buildPhases = (
				2889262DA561C78F19E1CA36 /* [CP] Check Pods Manifest.lock */,
				0EF7D2DF2A1DE61900380FE8 /* Sources */,
				0EF7D2E02A1DE61900380FE8 /* Frameworks */,
				0EF7D2E12A1DE61900380FE8 /* Resources */,
				106126DFE5481BD4660BA729 /* [CP] Embed Pods Frameworks */,
			);
			buildRules = (
			);
			dependencies = (
			);
			name = "UT-PDF";
			packageProductDependencies = (
				0EF7D3012A2553E300380FE8 /* FirebaseAppDistribution-Beta */,
			);
			productName = "UT-PDF";
			productReference = 0EF7D2E32A1DE61900380FE8 /* UT-PDF.app */;
			productType = "com.apple.product-type.application";
		};
/* End PBXNativeTarget section */

/* Begin PBXProject section */
		0EF7D2DB2A1DE61900380FE8 /* Project object */ = {
			isa = PBXProject;
			attributes = {
				BuildIndependentTargetsInParallel = 1;
				LastSwiftUpdateCheck = 1410;
				LastUpgradeCheck = 1410;
				TargetAttributes = {
					0EF7D2E22A1DE61900380FE8 = {
						CreatedOnToolsVersion = 14.1;
					};
				};
			};
			buildConfigurationList = 0EF7D2DE2A1DE61900380FE8 /* Build configuration list for PBXProject "UT-PDF" */;
			compatibilityVersion = "Xcode 14.0";
			developmentRegion = en;
			hasScannedForEncodings = 0;
			knownRegions = (
				en,
				Base,
			);
			mainGroup = 0EF7D2DA2A1DE61900380FE8;
			packageReferences = (
				0EF7D3002A2553E300380FE8 /* XCRemoteSwiftPackageReference "firebase-ios-sdk" */,
			);
			productRefGroup = 0EF7D2E42A1DE61900380FE8 /* Products */;
			projectDirPath = "";
			projectRoot = "";
			targets = (
				0EF7D2E22A1DE61900380FE8 /* UT-PDF */,
			);
		};
/* End PBXProject section */

/* Begin PBXResourcesBuildPhase section */
		0EF7D2E12A1DE61900380FE8 /* Resources */ = {
			isa = PBXResourcesBuildPhase;
			buildActionMask = 2147483647;
			files = (
				0EF7D2FD2A1DE96900380FE8 /* swftui.pdf in Resources */,
				0EF7D2F32A1DE61B00380FE8 /* LaunchScreen.storyboard in Resources */,
				0EF7D3042A25549800380FE8 /* GoogleService-Info.plist in Resources */,
				0EF7D2F02A1DE61B00380FE8 /* Assets.xcassets in Resources */,
				0EF7D2EE2A1DE61900380FE8 /* Main.storyboard in Resources */,
			);
			runOnlyForDeploymentPostprocessing = 0;
		};
/* End PBXResourcesBuildPhase section */

/* Begin PBXShellScriptBuildPhase section */
		106126DFE5481BD4660BA729 /* [CP] Embed Pods Frameworks */ = {
			isa = PBXShellScriptBuildPhase;
			buildActionMask = 2147483647;
			files = (
			);
			inputFileListPaths = (
				"${PODS_ROOT}/Target Support Files/Pods-UT-PDF/Pods-UT-PDF-frameworks-${CONFIGURATION}-input-files.xcfilelist",
			);
			name = "[CP] Embed Pods Frameworks";
			outputFileListPaths = (
				"${PODS_ROOT}/Target Support Files/Pods-UT-PDF/Pods-UT-PDF-frameworks-${CONFIGURATION}-output-files.xcfilelist",
			);
			runOnlyForDeploymentPostprocessing = 0;
			shellPath = /bin/sh;
			shellScript = "\"${PODS_ROOT}/Target Support Files/Pods-UT-PDF/Pods-UT-PDF-frameworks.sh\"\n";
			showEnvVarsInLog = 0;
		};
		2889262DA561C78F19E1CA36 /* [CP] Check Pods Manifest.lock */ = {
			isa = PBXShellScriptBuildPhase;
			buildActionMask = 2147483647;
			files = (
			);
			inputFileListPaths = (
			);
			inputPaths = (
				"${PODS_PODFILE_DIR_PATH}/Podfile.lock",
				"${PODS_ROOT}/Manifest.lock",
			);
			name = "[CP] Check Pods Manifest.lock";
			outputFileListPaths = (
			);
			outputPaths = (
				"$(DERIVED_FILE_DIR)/Pods-UT-PDF-checkManifestLockResult.txt",
			);
			runOnlyForDeploymentPostprocessing = 0;
			shellPath = /bin/sh;
			shellScript = "diff \"${PODS_PODFILE_DIR_PATH}/Podfile.lock\" \"${PODS_ROOT}/Manifest.lock\" > /dev/null\nif [ $? != 0 ] ; then\n    # print error to STDERR\n    echo \"error: The sandbox is not in sync with the Podfile.lock. Run 'pod install' or update your CocoaPods installation.\" >&2\n    exit 1\nfi\n# This output is used by Xcode 'outputs' to avoid re-running this script phase.\necho \"SUCCESS\" > \"${SCRIPT_OUTPUT_FILE_0}\"\n";
			showEnvVarsInLog = 0;
		};
/* End PBXShellScriptBuildPhase section */

/* Begin PBXSourcesBuildPhase section */
		0EF7D2DF2A1DE61900380FE8 /* Sources */ = {
			isa = PBXSourcesBuildPhase;
			buildActionMask = 2147483647;
			files = (
				0EF7D2EB2A1DE61900380FE8 /* ViewController.swift in Sources */,
				0EF7D2E72A1DE61900380FE8 /* AppDelegate.swift in Sources */,
				0EF7D2E92A1DE61900380FE8 /* SceneDelegate.swift in Sources */,
				0EF7D2FF2A1DF0FD00380FE8 /* PDFViewController.swift in Sources */,
			);
			runOnlyForDeploymentPostprocessing = 0;
		};
/* End PBXSourcesBuildPhase section */

/* Begin PBXVariantGroup section */
		0EF7D2EC2A1DE61900380FE8 /* Main.storyboard */ = {
			isa = PBXVariantGroup;
			children = (
				0EF7D2ED2A1DE61900380FE8 /* Base */,
			);
			name = Main.storyboard;
			sourceTree = "<group>";
		};
		0EF7D2F12A1DE61B00380FE8 /* LaunchScreen.storyboard */ = {
			isa = PBXVariantGroup;
			children = (
				0EF7D2F22A1DE61B00380FE8 /* Base */,
			);
			name = LaunchScreen.storyboard;
			sourceTree = "<group>";
		};
/* End PBXVariantGroup section */

/* Begin XCBuildConfiguration section */
		0EF7D2F52A1DE61B00380FE8 /* Debug */ = {
			isa = XCBuildConfiguration;
			buildSettings = {
				ALWAYS_SEARCH_USER_PATHS = NO;
				CLANG_ANALYZER_NONNULL = YES;
				CLANG_ANALYZER_NUMBER_OBJECT_CONVERSION = YES_AGGRESSIVE;
				CLANG_CXX_LANGUAGE_STANDARD = "gnu++20";
				CLANG_ENABLE_MODULES = YES;
				CLANG_ENABLE_OBJC_ARC = YES;
				CLANG_ENABLE_OBJC_WEAK = YES;
				CLANG_WARN_BLOCK_CAPTURE_AUTORELEASING = YES;
				CLANG_WARN_BOOL_CONVERSION = YES;
				CLANG_WARN_COMMA = YES;
				CLANG_WARN_CONSTANT_CONVERSION = YES;
				CLANG_WARN_DEPRECATED_OBJC_IMPLEMENTATIONS = YES;
				CLANG_WARN_DIRECT_OBJC_ISA_USAGE = YES_ERROR;
				CLANG_WARN_DOCUMENTATION_COMMENTS = YES;
				CLANG_WARN_EMPTY_BODY = YES;
				CLANG_WARN_ENUM_CONVERSION = YES;
				CLANG_WARN_INFINITE_RECURSION = YES;
				CLANG_WARN_INT_CONVERSION = YES;
				CLANG_WARN_NON_LITERAL_NULL_CONVERSION = YES;
				CLANG_WARN_OBJC_IMPLICIT_RETAIN_SELF = YES;
				CLANG_WARN_OBJC_LITERAL_CONVERSION = YES;
				CLANG_WARN_OBJC_ROOT_CLASS = YES_ERROR;
				CLANG_WARN_QUOTED_INCLUDE_IN_FRAMEWORK_HEADER = YES;
				CLANG_WARN_RANGE_LOOP_ANALYSIS = YES;
				CLANG_WARN_STRICT_PROTOTYPES = YES;
				CLANG_WARN_SUSPICIOUS_MOVE = YES;
				CLANG_WARN_UNGUARDED_AVAILABILITY = YES_AGGRESSIVE;
				CLANG_WARN_UNREACHABLE_CODE = YES;
				CLANG_WARN__DUPLICATE_METHOD_MATCH = YES;
				COPY_PHASE_STRIP = NO;
				DEBUG_INFORMATION_FORMAT = dwarf;
				ENABLE_STRICT_OBJC_MSGSEND = YES;
				ENABLE_TESTABILITY = YES;
				GCC_C_LANGUAGE_STANDARD = gnu11;
				GCC_DYNAMIC_NO_PIC = NO;
				GCC_NO_COMMON_BLOCKS = YES;
				GCC_OPTIMIZATION_LEVEL = 0;
				GCC_PREPROCESSOR_DEFINITIONS = (
					"DEBUG=1",
					"$(inherited)",
				);
				GCC_WARN_64_TO_32_BIT_CONVERSION = YES;
				GCC_WARN_ABOUT_RETURN_TYPE = YES_ERROR;
				GCC_WARN_UNDECLARED_SELECTOR = YES;
				GCC_WARN_UNINITIALIZED_AUTOS = YES_AGGRESSIVE;
				GCC_WARN_UNUSED_FUNCTION = YES;
				GCC_WARN_UNUSED_VARIABLE = YES;
				IPHONEOS_DEPLOYMENT_TARGET = 16.1;
				MTL_ENABLE_DEBUG_INFO = INCLUDE_SOURCE;
				MTL_FAST_MATH = YES;
				ONLY_ACTIVE_ARCH = YES;
				SDKROOT = iphoneos;
				SWIFT_ACTIVE_COMPILATION_CONDITIONS = DEBUG;
				SWIFT_OPTIMIZATION_LEVEL = "-Onone";
			};
			name = Debug;
		};
		0EF7D2F62A1DE61B00380FE8 /* Release */ = {
			isa = XCBuildConfiguration;
			buildSettings = {
				ALWAYS_SEARCH_USER_PATHS = NO;
				CLANG_ANALYZER_NONNULL = YES;
				CLANG_ANALYZER_NUMBER_OBJECT_CONVERSION = YES_AGGRESSIVE;
				CLANG_CXX_LANGUAGE_STANDARD = "gnu++20";
				CLANG_ENABLE_MODULES = YES;
				CLANG_ENABLE_OBJC_ARC = YES;
				CLANG_ENABLE_OBJC_WEAK = YES;
				CLANG_WARN_BLOCK_CAPTURE_AUTORELEASING = YES;
				CLANG_WARN_BOOL_CONVERSION = YES;
				CLANG_WARN_COMMA = YES;
				CLANG_WARN_CONSTANT_CONVERSION = YES;
				CLANG_WARN_DEPRECATED_OBJC_IMPLEMENTATIONS = YES;
				CLANG_WARN_DIRECT_OBJC_ISA_USAGE = YES_ERROR;
				CLANG_WARN_DOCUMENTATION_COMMENTS = YES;
				CLANG_WARN_EMPTY_BODY = YES;
				CLANG_WARN_ENUM_CONVERSION = YES;
				CLANG_WARN_INFINITE_RECURSION = YES;
				CLANG_WARN_INT_CONVERSION = YES;
				CLANG_WARN_NON_LITERAL_NULL_CONVERSION = YES;
				CLANG_WARN_OBJC_IMPLICIT_RETAIN_SELF = YES;
				CLANG_WARN_OBJC_LITERAL_CONVERSION = YES;
				CLANG_WARN_OBJC_ROOT_CLASS = YES_ERROR;
				CLANG_WARN_QUOTED_INCLUDE_IN_FRAMEWORK_HEADER = YES;
				CLANG_WARN_RANGE_LOOP_ANALYSIS = YES;
				CLANG_WARN_STRICT_PROTOTYPES = YES;
				CLANG_WARN_SUSPICIOUS_MOVE = YES;
				CLANG_WARN_UNGUARDED_AVAILABILITY = YES_AGGRESSIVE;
				CLANG_WARN_UNREACHABLE_CODE = YES;
				CLANG_WARN__DUPLICATE_METHOD_MATCH = YES;
				COPY_PHASE_STRIP = NO;
				DEBUG_INFORMATION_FORMAT = "dwarf-with-dsym";
				ENABLE_NS_ASSERTIONS = NO;
				ENABLE_STRICT_OBJC_MSGSEND = YES;
				GCC_C_LANGUAGE_STANDARD = gnu11;
				GCC_NO_COMMON_BLOCKS = YES;
				GCC_WARN_64_TO_32_BIT_CONVERSION = YES;
				GCC_WARN_ABOUT_RETURN_TYPE = YES_ERROR;
				GCC_WARN_UNDECLARED_SELECTOR = YES;
				GCC_WARN_UNINITIALIZED_AUTOS = YES_AGGRESSIVE;
				GCC_WARN_UNUSED_FUNCTION = YES;
				GCC_WARN_UNUSED_VARIABLE = YES;
				IPHONEOS_DEPLOYMENT_TARGET = 16.1;
				MTL_ENABLE_DEBUG_INFO = NO;
				MTL_FAST_MATH = YES;
				SDKROOT = iphoneos;
				SWIFT_COMPILATION_MODE = wholemodule;
				SWIFT_OPTIMIZATION_LEVEL = "-O";
				VALIDATE_PRODUCT = YES;
			};
			name = Release;
		};
		0EF7D2F82A1DE61B00380FE8 /* Debug */ = {
			isa = XCBuildConfiguration;
			baseConfigurationReference = DDA92BF41283CBFB121FFD09 /* Pods-UT-PDF.debug.xcconfig */;
			buildSettings = {
				ASSETCATALOG_COMPILER_APPICON_NAME = AppIcon;
				ASSETCATALOG_COMPILER_GLOBAL_ACCENT_COLOR_NAME = AccentColor;
				CODE_SIGN_STYLE = Automatic;
				CURRENT_PROJECT_VERSION = 1;
				DEVELOPMENT_TEAM = B6K5K2WLFT;
				GENERATE_INFOPLIST_FILE = YES;
				INFOPLIST_FILE = "UT-PDF/Info.plist";
				INFOPLIST_KEY_UIApplicationSupportsIndirectInputEvents = YES;
				INFOPLIST_KEY_UILaunchStoryboardName = LaunchScreen;
				INFOPLIST_KEY_UIMainStoryboardFile = Main;
				INFOPLIST_KEY_UISupportedInterfaceOrientations_iPad = "UIInterfaceOrientationPortrait UIInterfaceOrientationPortraitUpsideDown UIInterfaceOrientationLandscapeLeft UIInterfaceOrientationLandscapeRight";
				INFOPLIST_KEY_UISupportedInterfaceOrientations_iPhone = "UIInterfaceOrientationPortrait UIInterfaceOrientationLandscapeLeft UIInterfaceOrientationLandscapeRight";
				IPHONEOS_DEPLOYMENT_TARGET = 13.0;
				LD_RUNPATH_SEARCH_PATHS = (
					"$(inherited)",
					"@executable_path/Frameworks",
				);
				MARKETING_VERSION = 1.0;
				PRODUCT_BUNDLE_IDENTIFIER = "com.shpetim.UT-PDF";
				PRODUCT_NAME = "$(TARGET_NAME)";
				SWIFT_EMIT_LOC_STRINGS = YES;
				SWIFT_VERSION = 5.0;
				TARGETED_DEVICE_FAMILY = "1,2";
			};
			name = Debug;
		};
		0EF7D2F92A1DE61B00380FE8 /* Release */ = {
			isa = XCBuildConfiguration;
			baseConfigurationReference = 125E011FA7B8EFCE9D311DB8 /* Pods-UT-PDF.release.xcconfig */;
			buildSettings = {
				ASSETCATALOG_COMPILER_APPICON_NAME = AppIcon;
				ASSETCATALOG_COMPILER_GLOBAL_ACCENT_COLOR_NAME = AccentColor;
				CODE_SIGN_STYLE = Automatic;
				CURRENT_PROJECT_VERSION = 1;
				DEVELOPMENT_TEAM = B6K5K2WLFT;
				GENERATE_INFOPLIST_FILE = YES;
				INFOPLIST_FILE = "UT-PDF/Info.plist";
				INFOPLIST_KEY_UIApplicationSupportsIndirectInputEvents = YES;
				INFOPLIST_KEY_UILaunchStoryboardName = LaunchScreen;
				INFOPLIST_KEY_UIMainStoryboardFile = Main;
				INFOPLIST_KEY_UISupportedInterfaceOrientations_iPad = "UIInterfaceOrientationPortrait UIInterfaceOrientationPortraitUpsideDown UIInterfaceOrientationLandscapeLeft UIInterfaceOrientationLandscapeRight";
				INFOPLIST_KEY_UISupportedInterfaceOrientations_iPhone = "UIInterfaceOrientationPortrait UIInterfaceOrientationLandscapeLeft UIInterfaceOrientationLandscapeRight";
				IPHONEOS_DEPLOYMENT_TARGET = 13.0;
				LD_RUNPATH_SEARCH_PATHS = (
					"$(inherited)",
					"@executable_path/Frameworks",
				);
				MARKETING_VERSION = 1.0;
				PRODUCT_BUNDLE_IDENTIFIER = "com.shpetim.UT-PDF";
				PRODUCT_NAME = "$(TARGET_NAME)";
				SWIFT_EMIT_LOC_STRINGS = YES;
				SWIFT_VERSION = 5.0;
				TARGETED_DEVICE_FAMILY = "1,2";
			};
			name = Release;
		};
/* End XCBuildConfiguration section */

/* Begin XCConfigurationList section */
		0EF7D2DE2A1DE61900380FE8 /* Build configuration list for PBXProject "UT-PDF" */ = {
			isa = XCConfigurationList;
			buildConfigurations = (
				0EF7D2F52A1DE61B00380FE8 /* Debug */,
				0EF7D2F62A1DE61B00380FE8 /* Release */,
			);
			defaultConfigurationIsVisible = 0;
			defaultConfigurationName = Release;
		};
		0EF7D2F72A1DE61B00380FE8 /* Build configuration list for PBXNativeTarget "UT-PDF" */ = {
			isa = XCConfigurationList;
			buildConfigurations = (
				0EF7D2F82A1DE61B00380FE8 /* Debug */,
				0EF7D2F92A1DE61B00380FE8 /* Release */,
			);
			defaultConfigurationIsVisible = 0;
			defaultConfigurationName = Release;
		};
/* End XCConfigurationList section */

/* Begin XCRemoteSwiftPackageReference section */
		0EF7D3002A2553E300380FE8 /* XCRemoteSwiftPackageReference "firebase-ios-sdk" */ = {
			isa = XCRemoteSwiftPackageReference;
			repositoryURL = "https://github.com/firebase/firebase-ios-sdk";
			requirement = {
				branch = master;
				kind = branch;
			};
		};
/* End XCRemoteSwiftPackageReference section */

/* Begin XCSwiftPackageProductDependency section */
		0EF7D3012A2553E300380FE8 /* FirebaseAppDistribution-Beta */ = {
			isa = XCSwiftPackageProductDependency;
			package = 0EF7D3002A2553E300380FE8 /* XCRemoteSwiftPackageReference "firebase-ios-sdk" */;
			productName = "FirebaseAppDistribution-Beta";
		};
/* End XCSwiftPackageProductDependency section */
	};
	rootObject = 0EF7D2DB2A1DE61900380FE8 /* Project object */;
}
